// !$*UTF8*$!
{
	archiveVersion = 1;
	classes = {
	};
	objectVersion = 55;
	objects = {

/* Begin PBXBuildFile section */
		91012CD7274E5B280067FD0E /* ConfigurableView.swift in Sources */ = {isa = PBXBuildFile; fileRef = 91012CD6274E5B280067FD0E /* ConfigurableView.swift */; };
		91012CD9274E5B400067FD0E /* ConfigurableViewModel.swift in Sources */ = {isa = PBXBuildFile; fileRef = 91012CD8274E5B400067FD0E /* ConfigurableViewModel.swift */; };
		91012CDC274E5C1E0067FD0E /* ExampleListElement.swift in Sources */ = {isa = PBXBuildFile; fileRef = 91012CDB274E5C1E0067FD0E /* ExampleListElement.swift */; };
		91012CDE274E5DCA0067FD0E /* ExampleListSection.swift in Sources */ = {isa = PBXBuildFile; fileRef = 91012CDD274E5DCA0067FD0E /* ExampleListSection.swift */; };
		91012CE2274E5F430067FD0E /* ReuseIdentifiable.swift in Sources */ = {isa = PBXBuildFile; fileRef = 91012CE1274E5F430067FD0E /* ReuseIdentifiable.swift */; };
		91012CE5274E6E320067FD0E /* ExampleDetailsCoordinator.swift in Sources */ = {isa = PBXBuildFile; fileRef = 91012CE4274E6E320067FD0E /* ExampleDetailsCoordinator.swift */; };
		91012CE7274E6E4D0067FD0E /* ExampleDetailsViewController.swift in Sources */ = {isa = PBXBuildFile; fileRef = 91012CE6274E6E4D0067FD0E /* ExampleDetailsViewController.swift */; };
		91012CE9274E6E620067FD0E /* ExampleDetailsViewModel.swift in Sources */ = {isa = PBXBuildFile; fileRef = 91012CE8274E6E620067FD0E /* ExampleDetailsViewModel.swift */; };
		910FD91E275E4870000B68DE /* HorizontalStickyHeaderViewModel.swift in Sources */ = {isa = PBXBuildFile; fileRef = 910FD91D275E4870000B68DE /* HorizontalStickyHeaderViewModel.swift */; };
		910FD920275E494B000B68DE /* ExampleDetailsSection.swift in Sources */ = {isa = PBXBuildFile; fileRef = 910FD91F275E494B000B68DE /* ExampleDetailsSection.swift */; };
		910FD923275E496D000B68DE /* ExampleDetailsElement.swift in Sources */ = {isa = PBXBuildFile; fileRef = 910FD922275E496D000B68DE /* ExampleDetailsElement.swift */; };
		910FD926275E4B84000B68DE /* SupplementaryExamplesSection.swift in Sources */ = {isa = PBXBuildFile; fileRef = 910FD925275E4B84000B68DE /* SupplementaryExamplesSection.swift */; };
		910FD928275E4D4B000B68DE /* ImageAsset.swift in Sources */ = {isa = PBXBuildFile; fileRef = 910FD927275E4D4B000B68DE /* ImageAsset.swift */; };
		910FD92A275E4F4B000B68DE /* ExamplesListSectionsFactory.swift in Sources */ = {isa = PBXBuildFile; fileRef = 910FD929275E4F4B000B68DE /* ExamplesListSectionsFactory.swift */; };
		910FD92C275E50A7000B68DE /* String+Split.swift in Sources */ = {isa = PBXBuildFile; fileRef = 910FD92B275E50A7000B68DE /* String+Split.swift */; };
		910FD92E275F2A35000B68DE /* Date+Additional.swift in Sources */ = {isa = PBXBuildFile; fileRef = 910FD92D275F2A35000B68DE /* Date+Additional.swift */; };
		910FD930275F3010000B68DE /* DateFormatter+Shared.swift in Sources */ = {isa = PBXBuildFile; fileRef = 910FD92F275F3010000B68DE /* DateFormatter+Shared.swift */; };
		910FD933275F324E000B68DE /* HorizontalStickyHeaderCell.swift in Sources */ = {isa = PBXBuildFile; fileRef = 910FD932275F324E000B68DE /* HorizontalStickyHeaderCell.swift */; };
		910FD935275F33C8000B68DE /* HorizontalStickyHeaderCellViewModel.swift in Sources */ = {isa = PBXBuildFile; fileRef = 910FD934275F33C8000B68DE /* HorizontalStickyHeaderCellViewModel.swift */; };
		910FD937275F3ADB000B68DE /* ViewRegistrationInfo.swift in Sources */ = {isa = PBXBuildFile; fileRef = 910FD936275F3ADB000B68DE /* ViewRegistrationInfo.swift */; };
		910FD93A275F4F62000B68DE /* StickyHeaderSupplementaryView.swift in Sources */ = {isa = PBXBuildFile; fileRef = 910FD939275F4F62000B68DE /* StickyHeaderSupplementaryView.swift */; };
		910FD93C275F517D000B68DE /* StickyHeaderSupplementaryViewModel.swift in Sources */ = {isa = PBXBuildFile; fileRef = 910FD93B275F517D000B68DE /* StickyHeaderSupplementaryViewModel.swift */; };
		914BE22527564A0900251086 /* ExampleList.strings in Resources */ = {isa = PBXBuildFile; fileRef = 914BE22427564A0900251086 /* ExampleList.strings */; };
		914BE22827564A5100251086 /* Localized.swift in Sources */ = {isa = PBXBuildFile; fileRef = 914BE22727564A5100251086 /* Localized.swift */; };
		914BE22C27564C2100251086 /* ExampleDetails.strings in Resources */ = {isa = PBXBuildFile; fileRef = 914BE22B27564C2100251086 /* ExampleDetails.strings */; };
		915F169B27477A85004FB1FE /* AppDelegate.swift in Sources */ = {isa = PBXBuildFile; fileRef = 915F169A27477A85004FB1FE /* AppDelegate.swift */; };
		915F16A427477A89004FB1FE /* Assets.xcassets in Resources */ = {isa = PBXBuildFile; fileRef = 915F16A327477A89004FB1FE /* Assets.xcassets */; };
		915F16A727477A89004FB1FE /* LaunchScreen.storyboard in Resources */ = {isa = PBXBuildFile; fileRef = 915F16A527477A89004FB1FE /* LaunchScreen.storyboard */; };
		915F16B527477C3F004FB1FE /* ExampleListViewController.swift in Sources */ = {isa = PBXBuildFile; fileRef = 915F16B427477C3F004FB1FE /* ExampleListViewController.swift */; };
		915F16B727477C45004FB1FE /* ExampleListViewModel.swift in Sources */ = {isa = PBXBuildFile; fileRef = 915F16B627477C45004FB1FE /* ExampleListViewModel.swift */; };
		915F16BA27477CE3004FB1FE /* UIView+Autolayout.swift in Sources */ = {isa = PBXBuildFile; fileRef = 915F16B927477CE3004FB1FE /* UIView+Autolayout.swift */; };
		915F16BE274788AA004FB1FE /* BaseViewController.swift in Sources */ = {isa = PBXBuildFile; fileRef = 915F16BD274788AA004FB1FE /* BaseViewController.swift */; };
		915F16C3274795E8004FB1FE /* ExampleDetailsConfiguration.swift in Sources */ = {isa = PBXBuildFile; fileRef = 915F16C2274795E8004FB1FE /* ExampleDetailsConfiguration.swift */; };
		915F16C5274798AB004FB1FE /* ExampleListCoordinator.swift in Sources */ = {isa = PBXBuildFile; fileRef = 915F16C4274798AB004FB1FE /* ExampleListCoordinator.swift */; };
		915F16C727479975004FB1FE /* BaseCoordinator.swift in Sources */ = {isa = PBXBuildFile; fileRef = 915F16C627479975004FB1FE /* BaseCoordinator.swift */; };
		915F16CA27479B78004FB1FE /* MainCoordinator.swift in Sources */ = {isa = PBXBuildFile; fileRef = 915F16C927479B78004FB1FE /* MainCoordinator.swift */; };
		915F16CE2747ABBE004FB1FE /* ExamplesListCell.swift in Sources */ = {isa = PBXBuildFile; fileRef = 915F16CD2747ABBE004FB1FE /* ExamplesListCell.swift */; };
		915F16D02747ABC5004FB1FE /* ExamplesListCellViewModel.swift in Sources */ = {isa = PBXBuildFile; fileRef = 915F16CF2747ABC5004FB1FE /* ExamplesListCellViewModel.swift */; };
		915F16D32747AC17004FB1FE /* UIColor+AppColors.swift in Sources */ = {isa = PBXBuildFile; fileRef = 915F16D22747AC17004FB1FE /* UIColor+AppColors.swift */; };
		91BC98042757643700872E1E /* HorizontalStickyHeaderCollectionLayout.swift in Sources */ = {isa = PBXBuildFile; fileRef = 91BC98032757643700872E1E /* HorizontalStickyHeaderCollectionLayout.swift */; };
		91BC98062757684600872E1E /* BaseCollectionViewLayout.swift in Sources */ = {isa = PBXBuildFile; fileRef = 91BC98052757684600872E1E /* BaseCollectionViewLayout.swift */; };
/* End PBXBuildFile section */

/* Begin PBXFileReference section */
		91012CD6274E5B280067FD0E /* ConfigurableView.swift */ = {isa = PBXFileReference; lastKnownFileType = sourcecode.swift; path = ConfigurableView.swift; sourceTree = "<group>"; };
		91012CD8274E5B400067FD0E /* ConfigurableViewModel.swift */ = {isa = PBXFileReference; lastKnownFileType = sourcecode.swift; path = ConfigurableViewModel.swift; sourceTree = "<group>"; };
		91012CDB274E5C1E0067FD0E /* ExampleListElement.swift */ = {isa = PBXFileReference; lastKnownFileType = sourcecode.swift; path = ExampleListElement.swift; sourceTree = "<group>"; };
		91012CDD274E5DCA0067FD0E /* ExampleListSection.swift */ = {isa = PBXFileReference; lastKnownFileType = sourcecode.swift; path = ExampleListSection.swift; sourceTree = "<group>"; };
		91012CE1274E5F430067FD0E /* ReuseIdentifiable.swift */ = {isa = PBXFileReference; lastKnownFileType = sourcecode.swift; path = ReuseIdentifiable.swift; sourceTree = "<group>"; };
		91012CE4274E6E320067FD0E /* ExampleDetailsCoordinator.swift */ = {isa = PBXFileReference; lastKnownFileType = sourcecode.swift; path = ExampleDetailsCoordinator.swift; sourceTree = "<group>"; };
		91012CE6274E6E4D0067FD0E /* ExampleDetailsViewController.swift */ = {isa = PBXFileReference; lastKnownFileType = sourcecode.swift; path = ExampleDetailsViewController.swift; sourceTree = "<group>"; };
		91012CE8274E6E620067FD0E /* ExampleDetailsViewModel.swift */ = {isa = PBXFileReference; lastKnownFileType = sourcecode.swift; path = ExampleDetailsViewModel.swift; sourceTree = "<group>"; };
		910FD91D275E4870000B68DE /* HorizontalStickyHeaderViewModel.swift */ = {isa = PBXFileReference; lastKnownFileType = sourcecode.swift; path = HorizontalStickyHeaderViewModel.swift; sourceTree = "<group>"; };
		910FD91F275E494B000B68DE /* ExampleDetailsSection.swift */ = {isa = PBXFileReference; lastKnownFileType = sourcecode.swift; path = ExampleDetailsSection.swift; sourceTree = "<group>"; };
		910FD922275E496D000B68DE /* ExampleDetailsElement.swift */ = {isa = PBXFileReference; lastKnownFileType = sourcecode.swift; path = ExampleDetailsElement.swift; sourceTree = "<group>"; };
		910FD925275E4B84000B68DE /* SupplementaryExamplesSection.swift */ = {isa = PBXFileReference; lastKnownFileType = sourcecode.swift; path = SupplementaryExamplesSection.swift; sourceTree = "<group>"; };
		910FD927275E4D4B000B68DE /* ImageAsset.swift */ = {isa = PBXFileReference; lastKnownFileType = sourcecode.swift; path = ImageAsset.swift; sourceTree = "<group>"; };
		910FD929275E4F4B000B68DE /* ExamplesListSectionsFactory.swift */ = {isa = PBXFileReference; fileEncoding = 4; lastKnownFileType = sourcecode.swift; path = ExamplesListSectionsFactory.swift; sourceTree = "<group>"; };
		910FD92B275E50A7000B68DE /* String+Split.swift */ = {isa = PBXFileReference; lastKnownFileType = sourcecode.swift; path = "String+Split.swift"; sourceTree = "<group>"; };
		910FD92D275F2A35000B68DE /* Date+Additional.swift */ = {isa = PBXFileReference; lastKnownFileType = sourcecode.swift; path = "Date+Additional.swift"; sourceTree = "<group>"; };
		910FD92F275F3010000B68DE /* DateFormatter+Shared.swift */ = {isa = PBXFileReference; lastKnownFileType = sourcecode.swift; path = "DateFormatter+Shared.swift"; sourceTree = "<group>"; };
		910FD932275F324E000B68DE /* HorizontalStickyHeaderCell.swift */ = {isa = PBXFileReference; lastKnownFileType = sourcecode.swift; path = HorizontalStickyHeaderCell.swift; sourceTree = "<group>"; };
		910FD934275F33C8000B68DE /* HorizontalStickyHeaderCellViewModel.swift */ = {isa = PBXFileReference; lastKnownFileType = sourcecode.swift; path = HorizontalStickyHeaderCellViewModel.swift; sourceTree = "<group>"; };
		910FD936275F3ADB000B68DE /* ViewRegistrationInfo.swift */ = {isa = PBXFileReference; lastKnownFileType = sourcecode.swift; path = ViewRegistrationInfo.swift; sourceTree = "<group>"; };
		910FD939275F4F62000B68DE /* StickyHeaderSupplementaryView.swift */ = {isa = PBXFileReference; lastKnownFileType = sourcecode.swift; path = StickyHeaderSupplementaryView.swift; sourceTree = "<group>"; };
		910FD93B275F517D000B68DE /* StickyHeaderSupplementaryViewModel.swift */ = {isa = PBXFileReference; lastKnownFileType = sourcecode.swift; path = StickyHeaderSupplementaryViewModel.swift; sourceTree = "<group>"; };
		914BE22427564A0900251086 /* ExampleList.strings */ = {isa = PBXFileReference; lastKnownFileType = text.plist.strings; path = ExampleList.strings; sourceTree = "<group>"; };
		914BE22727564A5100251086 /* Localized.swift */ = {isa = PBXFileReference; lastKnownFileType = sourcecode.swift; path = Localized.swift; sourceTree = "<group>"; };
		914BE22B27564C2100251086 /* ExampleDetails.strings */ = {isa = PBXFileReference; lastKnownFileType = text.plist.strings; path = ExampleDetails.strings; sourceTree = "<group>"; };
		915F169727477A85004FB1FE /* CollectionViewLayoutExamples.app */ = {isa = PBXFileReference; explicitFileType = wrapper.application; includeInIndex = 0; path = CollectionViewLayoutExamples.app; sourceTree = BUILT_PRODUCTS_DIR; };
		915F169A27477A85004FB1FE /* AppDelegate.swift */ = {isa = PBXFileReference; lastKnownFileType = sourcecode.swift; path = AppDelegate.swift; sourceTree = "<group>"; };
		915F16A327477A89004FB1FE /* Assets.xcassets */ = {isa = PBXFileReference; lastKnownFileType = folder.assetcatalog; path = Assets.xcassets; sourceTree = "<group>"; };
		915F16A627477A89004FB1FE /* Base */ = {isa = PBXFileReference; lastKnownFileType = file.storyboard; name = Base; path = Base.lproj/LaunchScreen.storyboard; sourceTree = "<group>"; };
		915F16A827477A89004FB1FE /* Info.plist */ = {isa = PBXFileReference; lastKnownFileType = text.plist.xml; path = Info.plist; sourceTree = "<group>"; };
		915F16B427477C3F004FB1FE /* ExampleListViewController.swift */ = {isa = PBXFileReference; lastKnownFileType = sourcecode.swift; path = ExampleListViewController.swift; sourceTree = "<group>"; };
		915F16B627477C45004FB1FE /* ExampleListViewModel.swift */ = {isa = PBXFileReference; lastKnownFileType = sourcecode.swift; path = ExampleListViewModel.swift; sourceTree = "<group>"; };
		915F16B927477CE3004FB1FE /* UIView+Autolayout.swift */ = {isa = PBXFileReference; lastKnownFileType = sourcecode.swift; path = "UIView+Autolayout.swift"; sourceTree = "<group>"; };
		915F16BD274788AA004FB1FE /* BaseViewController.swift */ = {isa = PBXFileReference; lastKnownFileType = sourcecode.swift; path = BaseViewController.swift; sourceTree = "<group>"; };
		915F16C2274795E8004FB1FE /* ExampleDetailsConfiguration.swift */ = {isa = PBXFileReference; lastKnownFileType = sourcecode.swift; path = ExampleDetailsConfiguration.swift; sourceTree = "<group>"; };
		915F16C4274798AB004FB1FE /* ExampleListCoordinator.swift */ = {isa = PBXFileReference; lastKnownFileType = sourcecode.swift; path = ExampleListCoordinator.swift; sourceTree = "<group>"; };
		915F16C627479975004FB1FE /* BaseCoordinator.swift */ = {isa = PBXFileReference; lastKnownFileType = sourcecode.swift; path = BaseCoordinator.swift; sourceTree = "<group>"; };
		915F16C927479B78004FB1FE /* MainCoordinator.swift */ = {isa = PBXFileReference; lastKnownFileType = sourcecode.swift; path = MainCoordinator.swift; sourceTree = "<group>"; };
		915F16CD2747ABBE004FB1FE /* ExamplesListCell.swift */ = {isa = PBXFileReference; lastKnownFileType = sourcecode.swift; path = ExamplesListCell.swift; sourceTree = "<group>"; };
		915F16CF2747ABC5004FB1FE /* ExamplesListCellViewModel.swift */ = {isa = PBXFileReference; lastKnownFileType = sourcecode.swift; path = ExamplesListCellViewModel.swift; sourceTree = "<group>"; };
		915F16D22747AC17004FB1FE /* UIColor+AppColors.swift */ = {isa = PBXFileReference; lastKnownFileType = sourcecode.swift; path = "UIColor+AppColors.swift"; sourceTree = "<group>"; };
		91BC98032757643700872E1E /* HorizontalStickyHeaderCollectionLayout.swift */ = {isa = PBXFileReference; lastKnownFileType = sourcecode.swift; path = HorizontalStickyHeaderCollectionLayout.swift; sourceTree = "<group>"; };
		91BC98052757684600872E1E /* BaseCollectionViewLayout.swift */ = {isa = PBXFileReference; lastKnownFileType = sourcecode.swift; path = BaseCollectionViewLayout.swift; sourceTree = "<group>"; };
/* End PBXFileReference section */

/* Begin PBXFrameworksBuildPhase section */
		915F169427477A85004FB1FE /* Frameworks */ = {
			isa = PBXFrameworksBuildPhase;
			buildActionMask = 2147483647;
			files = (
			);
			runOnlyForDeploymentPostprocessing = 0;
		};
/* End PBXFrameworksBuildPhase section */

/* Begin PBXGroup section */
		91012CD5274E5B170067FD0E /* Protocols */ = {
			isa = PBXGroup;
			children = (
				91012CD6274E5B280067FD0E /* ConfigurableView.swift */,
				91012CD8274E5B400067FD0E /* ConfigurableViewModel.swift */,
				91012CE1274E5F430067FD0E /* ReuseIdentifiable.swift */,
			);
			path = Protocols;
			sourceTree = "<group>";
		};
		91012CDA274E5BD10067FD0E /* Model */ = {
			isa = PBXGroup;
			children = (
				910FD924275E4B4F000B68DE /* Sections */,
				91012CDB274E5C1E0067FD0E /* ExampleListElement.swift */,
				91012CDD274E5DCA0067FD0E /* ExampleListSection.swift */,
				910FD929275E4F4B000B68DE /* ExamplesListSectionsFactory.swift */,
			);
			path = Model;
			sourceTree = "<group>";
		};
		91012CE3274E6DF20067FD0E /* ExampleDetails */ = {
			isa = PBXGroup;
			children = (
				910FD938275F4E2D000B68DE /* SupplementaryView */,
				910FD931275F31DC000B68DE /* Cell */,
				910FD921275E494E000B68DE /* Model */,
				910FD91C275E462B000B68DE /* ViewModel */,
				91012CE4274E6E320067FD0E /* ExampleDetailsCoordinator.swift */,
				91012CE6274E6E4D0067FD0E /* ExampleDetailsViewController.swift */,
				91012CE8274E6E620067FD0E /* ExampleDetailsViewModel.swift */,
			);
			path = ExampleDetails;
			sourceTree = "<group>";
		};
		910FD91C275E462B000B68DE /* ViewModel */ = {
			isa = PBXGroup;
			children = (
				910FD91D275E4870000B68DE /* HorizontalStickyHeaderViewModel.swift */,
			);
			path = ViewModel;
			sourceTree = "<group>";
		};
		910FD921275E494E000B68DE /* Model */ = {
			isa = PBXGroup;
			children = (
				910FD91F275E494B000B68DE /* ExampleDetailsSection.swift */,
				910FD922275E496D000B68DE /* ExampleDetailsElement.swift */,
			);
			path = Model;
			sourceTree = "<group>";
		};
		910FD924275E4B4F000B68DE /* Sections */ = {
			isa = PBXGroup;
			children = (
				910FD925275E4B84000B68DE /* SupplementaryExamplesSection.swift */,
			);
			path = Sections;
			sourceTree = "<group>";
		};
		910FD931275F31DC000B68DE /* Cell */ = {
			isa = PBXGroup;
			children = (
				910FD932275F324E000B68DE /* HorizontalStickyHeaderCell.swift */,
				910FD934275F33C8000B68DE /* HorizontalStickyHeaderCellViewModel.swift */,
			);
			path = Cell;
			sourceTree = "<group>";
		};
		910FD938275F4E2D000B68DE /* SupplementaryView */ = {
			isa = PBXGroup;
			children = (
				910FD939275F4F62000B68DE /* StickyHeaderSupplementaryView.swift */,
				910FD93B275F517D000B68DE /* StickyHeaderSupplementaryViewModel.swift */,
			);
			path = SupplementaryView;
			sourceTree = "<group>";
		};
		914BE223275649CD00251086 /* Strings */ = {
			isa = PBXGroup;
			children = (
				914BE22427564A0900251086 /* ExampleList.strings */,
				914BE22B27564C2100251086 /* ExampleDetails.strings */,
			);
			path = Strings;
			sourceTree = "<group>";
		};
		914BE22627564A2300251086 /* Utils */ = {
			isa = PBXGroup;
			children = (
				914BE22727564A5100251086 /* Localized.swift */,
				910FD927275E4D4B000B68DE /* ImageAsset.swift */,
			);
			path = Utils;
			sourceTree = "<group>";
		};
		915F168E27477A85004FB1FE = {
			isa = PBXGroup;
			children = (
				915F16AF27477ADB004FB1FE /* Sources */,
				914BE22627564A2300251086 /* Utils */,
				915F16B027477AE2004FB1FE /* Resources */,
				915F16B127477AE7004FB1FE /* Supporting Files */,
				915F169827477A85004FB1FE /* Products */,
			);
			sourceTree = "<group>";
		};
		915F169827477A85004FB1FE /* Products */ = {
			isa = PBXGroup;
			children = (
				915F169727477A85004FB1FE /* CollectionViewLayoutExamples.app */,
			);
			name = Products;
			sourceTree = "<group>";
		};
		915F16AE27477ACE004FB1FE /* Application */ = {
			isa = PBXGroup;
			children = (
				915F169A27477A85004FB1FE /* AppDelegate.swift */,
			);
			path = Application;
			sourceTree = "<group>";
		};
		915F16AF27477ADB004FB1FE /* Sources */ = {
			isa = PBXGroup;
			children = (
				915F16AE27477ACE004FB1FE /* Application */,
				915F16BC2747889C004FB1FE /* Base */,
				915F16B827477CD1004FB1FE /* Extensions */,
				91012CD5274E5B170067FD0E /* Protocols */,
				915F16B227477BDB004FB1FE /* Modules */,
				915F16BB27478804004FB1FE /* Model */,
			);
			path = Sources;
			sourceTree = "<group>";
		};
		915F16B027477AE2004FB1FE /* Resources */ = {
			isa = PBXGroup;
			children = (
				914BE223275649CD00251086 /* Strings */,
				915F16A527477A89004FB1FE /* LaunchScreen.storyboard */,
				915F16A327477A89004FB1FE /* Assets.xcassets */,
			);
			path = Resources;
			sourceTree = "<group>";
		};
		915F16B127477AE7004FB1FE /* Supporting Files */ = {
			isa = PBXGroup;
			children = (
				915F16A827477A89004FB1FE /* Info.plist */,
			);
			path = "Supporting Files";
			sourceTree = "<group>";
		};
		915F16B227477BDB004FB1FE /* Modules */ = {
			isa = PBXGroup;
			children = (
				915F16C827479B5F004FB1FE /* Main */,
				915F16B327477C2F004FB1FE /* ExampleList */,
				91012CE3274E6DF20067FD0E /* ExampleDetails */,
			);
			path = Modules;
			sourceTree = "<group>";
		};
		915F16B327477C2F004FB1FE /* ExampleList */ = {
			isa = PBXGroup;
			children = (
				91012CDA274E5BD10067FD0E /* Model */,
				915F16CC2747ABB2004FB1FE /* Cell */,
				915F16C4274798AB004FB1FE /* ExampleListCoordinator.swift */,
				915F16B427477C3F004FB1FE /* ExampleListViewController.swift */,
				915F16B627477C45004FB1FE /* ExampleListViewModel.swift */,
			);
			path = ExampleList;
			sourceTree = "<group>";
		};
		915F16B827477CD1004FB1FE /* Extensions */ = {
			isa = PBXGroup;
			children = (
				915F16B927477CE3004FB1FE /* UIView+Autolayout.swift */,
				915F16D22747AC17004FB1FE /* UIColor+AppColors.swift */,
				910FD92B275E50A7000B68DE /* String+Split.swift */,
				910FD92D275F2A35000B68DE /* Date+Additional.swift */,
				910FD92F275F3010000B68DE /* DateFormatter+Shared.swift */,
			);
			path = Extensions;
			sourceTree = "<group>";
		};
		915F16BB27478804004FB1FE /* Model */ = {
			isa = PBXGroup;
			children = (
				91BC9800275744D400872E1E /* CollectionViewLayout */,
				915F16C2274795E8004FB1FE /* ExampleDetailsConfiguration.swift */,
				910FD936275F3ADB000B68DE /* ViewRegistrationInfo.swift */,
			);
			path = Model;
			sourceTree = "<group>";
		};
		915F16BC2747889C004FB1FE /* Base */ = {
			isa = PBXGroup;
			children = (
				915F16BD274788AA004FB1FE /* BaseViewController.swift */,
				915F16C627479975004FB1FE /* BaseCoordinator.swift */,
			);
			path = Base;
			sourceTree = "<group>";
		};
		915F16C827479B5F004FB1FE /* Main */ = {
			isa = PBXGroup;
			children = (
				915F16C927479B78004FB1FE /* MainCoordinator.swift */,
			);
			path = Main;
			sourceTree = "<group>";
		};
		915F16CC2747ABB2004FB1FE /* Cell */ = {
			isa = PBXGroup;
			children = (
				915F16CD2747ABBE004FB1FE /* ExamplesListCell.swift */,
				915F16CF2747ABC5004FB1FE /* ExamplesListCellViewModel.swift */,
			);
			path = Cell;
			sourceTree = "<group>";
		};
		91BC9800275744D400872E1E /* CollectionViewLayout */ = {
			isa = PBXGroup;
			children = (
				91BC98052757684600872E1E /* BaseCollectionViewLayout.swift */,
				91BC98032757643700872E1E /* HorizontalStickyHeaderCollectionLayout.swift */,
			);
			path = CollectionViewLayout;
			sourceTree = "<group>";
		};
/* End PBXGroup section */

/* Begin PBXNativeTarget section */
		915F169627477A85004FB1FE /* CollectionViewLayoutExamples */ = {
			isa = PBXNativeTarget;
			buildConfigurationList = 915F16AB27477A89004FB1FE /* Build configuration list for PBXNativeTarget "CollectionViewLayoutExamples" */;
			buildPhases = (
				915F169327477A85004FB1FE /* Sources */,
				915F169427477A85004FB1FE /* Frameworks */,
				915F169527477A85004FB1FE /* Resources */,
			);
			buildRules = (
			);
			dependencies = (
			);
			name = CollectionViewLayoutExamples;
			productName = CollectionViewFlowLayoutExampless;
			productReference = 915F169727477A85004FB1FE /* CollectionViewLayoutExamples.app */;
			productType = "com.apple.product-type.application";
		};
/* End PBXNativeTarget section */

/* Begin PBXProject section */
		915F168F27477A85004FB1FE /* Project object */ = {
			isa = PBXProject;
			attributes = {
				BuildIndependentTargetsInParallel = 1;
				LastSwiftUpdateCheck = 1300;
				LastUpgradeCheck = 1300;
				TargetAttributes = {
					915F169627477A85004FB1FE = {
						CreatedOnToolsVersion = 13.0;
					};
				};
			};
			buildConfigurationList = 915F169227477A85004FB1FE /* Build configuration list for PBXProject "CollectionViewLayoutExamples" */;
			compatibilityVersion = "Xcode 13.0";
			developmentRegion = en;
			hasScannedForEncodings = 0;
			knownRegions = (
				en,
				Base,
			);
			mainGroup = 915F168E27477A85004FB1FE;
			productRefGroup = 915F169827477A85004FB1FE /* Products */;
			projectDirPath = "";
			projectRoot = "";
			targets = (
				915F169627477A85004FB1FE /* CollectionViewLayoutExamples */,
			);
		};
/* End PBXProject section */

/* Begin PBXResourcesBuildPhase section */
		915F169527477A85004FB1FE /* Resources */ = {
			isa = PBXResourcesBuildPhase;
			buildActionMask = 2147483647;
			files = (
				914BE22C27564C2100251086 /* ExampleDetails.strings in Resources */,
				915F16A727477A89004FB1FE /* LaunchScreen.storyboard in Resources */,
				915F16A427477A89004FB1FE /* Assets.xcassets in Resources */,
				914BE22527564A0900251086 /* ExampleList.strings in Resources */,
			);
			runOnlyForDeploymentPostprocessing = 0;
		};
/* End PBXResourcesBuildPhase section */

/* Begin PBXSourcesBuildPhase section */
		915F169327477A85004FB1FE /* Sources */ = {
			isa = PBXSourcesBuildPhase;
			buildActionMask = 2147483647;
			files = (
				915F16BE274788AA004FB1FE /* BaseViewController.swift in Sources */,
				910FD920275E494B000B68DE /* ExampleDetailsSection.swift in Sources */,
				915F16C727479975004FB1FE /* BaseCoordinator.swift in Sources */,
				91012CDE274E5DCA0067FD0E /* ExampleListSection.swift in Sources */,
				91012CD7274E5B280067FD0E /* ConfigurableView.swift in Sources */,
				915F16C3274795E8004FB1FE /* ExampleDetailsConfiguration.swift in Sources */,
				915F16D02747ABC5004FB1FE /* ExamplesListCellViewModel.swift in Sources */,
				915F16CE2747ABBE004FB1FE /* ExamplesListCell.swift in Sources */,
				91012CE9274E6E620067FD0E /* ExampleDetailsViewModel.swift in Sources */,
				910FD930275F3010000B68DE /* DateFormatter+Shared.swift in Sources */,
				910FD933275F324E000B68DE /* HorizontalStickyHeaderCell.swift in Sources */,
				915F16D32747AC17004FB1FE /* UIColor+AppColors.swift in Sources */,
				915F16CA27479B78004FB1FE /* MainCoordinator.swift in Sources */,
				91BC98042757643700872E1E /* HorizontalStickyHeaderCollectionLayout.swift in Sources */,
				910FD93A275F4F62000B68DE /* StickyHeaderSupplementaryView.swift in Sources */,
				915F169B27477A85004FB1FE /* AppDelegate.swift in Sources */,
				910FD92C275E50A7000B68DE /* String+Split.swift in Sources */,
				910FD91E275E4870000B68DE /* HorizontalStickyHeaderViewModel.swift in Sources */,
				91012CE7274E6E4D0067FD0E /* ExampleDetailsViewController.swift in Sources */,
				91012CE2274E5F430067FD0E /* ReuseIdentifiable.swift in Sources */,
				91012CE5274E6E320067FD0E /* ExampleDetailsCoordinator.swift in Sources */,
				910FD928275E4D4B000B68DE /* ImageAsset.swift in Sources */,
				915F16BA27477CE3004FB1FE /* UIView+Autolayout.swift in Sources */,
				910FD92E275F2A35000B68DE /* Date+Additional.swift in Sources */,
				91012CD9274E5B400067FD0E /* ConfigurableViewModel.swift in Sources */,
				915F16B727477C45004FB1FE /* ExampleListViewModel.swift in Sources */,
				91012CDC274E5C1E0067FD0E /* ExampleListElement.swift in Sources */,
				910FD935275F33C8000B68DE /* HorizontalStickyHeaderCellViewModel.swift in Sources */,
				910FD926275E4B84000B68DE /* SupplementaryExamplesSection.swift in Sources */,
				915F16C5274798AB004FB1FE /* ExampleListCoordinator.swift in Sources */,
				910FD923275E496D000B68DE /* ExampleDetailsElement.swift in Sources */,
				910FD937275F3ADB000B68DE /* ViewRegistrationInfo.swift in Sources */,
				915F16B527477C3F004FB1FE /* ExampleListViewController.swift in Sources */,
				914BE22827564A5100251086 /* Localized.swift in Sources */,
				910FD92A275E4F4B000B68DE /* ExamplesListSectionsFactory.swift in Sources */,
				910FD93C275F517D000B68DE /* StickyHeaderSupplementaryViewModel.swift in Sources */,
				91BC98062757684600872E1E /* BaseCollectionViewLayout.swift in Sources */,
			);
			runOnlyForDeploymentPostprocessing = 0;
		};
/* End PBXSourcesBuildPhase section */

/* Begin PBXVariantGroup section */
		915F16A527477A89004FB1FE /* LaunchScreen.storyboard */ = {
			isa = PBXVariantGroup;
			children = (
				915F16A627477A89004FB1FE /* Base */,
			);
			name = LaunchScreen.storyboard;
			sourceTree = "<group>";
		};
/* End PBXVariantGroup section */

/* Begin XCBuildConfiguration section */
		915F16A927477A89004FB1FE /* Debug */ = {
			isa = XCBuildConfiguration;
			buildSettings = {
				ALWAYS_SEARCH_USER_PATHS = NO;
				CLANG_ANALYZER_NONNULL = YES;
				CLANG_ANALYZER_NUMBER_OBJECT_CONVERSION = YES_AGGRESSIVE;
				CLANG_CXX_LANGUAGE_STANDARD = "gnu++17";
				CLANG_CXX_LIBRARY = "libc++";
				CLANG_ENABLE_MODULES = YES;
				CLANG_ENABLE_OBJC_ARC = YES;
				CLANG_ENABLE_OBJC_WEAK = YES;
				CLANG_WARN_BLOCK_CAPTURE_AUTORELEASING = YES;
				CLANG_WARN_BOOL_CONVERSION = YES;
				CLANG_WARN_COMMA = YES;
				CLANG_WARN_CONSTANT_CONVERSION = YES;
				CLANG_WARN_DEPRECATED_OBJC_IMPLEMENTATIONS = YES;
				CLANG_WARN_DIRECT_OBJC_ISA_USAGE = YES_ERROR;
				CLANG_WARN_DOCUMENTATION_COMMENTS = YES;
				CLANG_WARN_EMPTY_BODY = YES;
				CLANG_WARN_ENUM_CONVERSION = YES;
				CLANG_WARN_INFINITE_RECURSION = YES;
				CLANG_WARN_INT_CONVERSION = YES;
				CLANG_WARN_NON_LITERAL_NULL_CONVERSION = YES;
				CLANG_WARN_OBJC_IMPLICIT_RETAIN_SELF = YES;
				CLANG_WARN_OBJC_LITERAL_CONVERSION = YES;
				CLANG_WARN_OBJC_ROOT_CLASS = YES_ERROR;
				CLANG_WARN_QUOTED_INCLUDE_IN_FRAMEWORK_HEADER = YES;
				CLANG_WARN_RANGE_LOOP_ANALYSIS = YES;
				CLANG_WARN_STRICT_PROTOTYPES = YES;
				CLANG_WARN_SUSPICIOUS_MOVE = YES;
				CLANG_WARN_UNGUARDED_AVAILABILITY = YES_AGGRESSIVE;
				CLANG_WARN_UNREACHABLE_CODE = YES;
				CLANG_WARN__DUPLICATE_METHOD_MATCH = YES;
				COPY_PHASE_STRIP = NO;
				DEBUG_INFORMATION_FORMAT = dwarf;
				ENABLE_STRICT_OBJC_MSGSEND = YES;
				ENABLE_TESTABILITY = YES;
				GCC_C_LANGUAGE_STANDARD = gnu11;
				GCC_DYNAMIC_NO_PIC = NO;
				GCC_NO_COMMON_BLOCKS = YES;
				GCC_OPTIMIZATION_LEVEL = 0;
				GCC_PREPROCESSOR_DEFINITIONS = (
					"DEBUG=1",
					"$(inherited)",
				);
				GCC_WARN_64_TO_32_BIT_CONVERSION = YES;
				GCC_WARN_ABOUT_RETURN_TYPE = YES_ERROR;
				GCC_WARN_UNDECLARED_SELECTOR = YES;
				GCC_WARN_UNINITIALIZED_AUTOS = YES_AGGRESSIVE;
				GCC_WARN_UNUSED_FUNCTION = YES;
				GCC_WARN_UNUSED_VARIABLE = YES;
				IPHONEOS_DEPLOYMENT_TARGET = 15.0;
				MTL_ENABLE_DEBUG_INFO = INCLUDE_SOURCE;
				MTL_FAST_MATH = YES;
				ONLY_ACTIVE_ARCH = YES;
				SDKROOT = iphoneos;
				SWIFT_ACTIVE_COMPILATION_CONDITIONS = DEBUG;
				SWIFT_OPTIMIZATION_LEVEL = "-Onone";
			};
			name = Debug;
		};
		915F16AA27477A89004FB1FE /* Release */ = {
			isa = XCBuildConfiguration;
			buildSettings = {
				ALWAYS_SEARCH_USER_PATHS = NO;
				CLANG_ANALYZER_NONNULL = YES;
				CLANG_ANALYZER_NUMBER_OBJECT_CONVERSION = YES_AGGRESSIVE;
				CLANG_CXX_LANGUAGE_STANDARD = "gnu++17";
				CLANG_CXX_LIBRARY = "libc++";
				CLANG_ENABLE_MODULES = YES;
				CLANG_ENABLE_OBJC_ARC = YES;
				CLANG_ENABLE_OBJC_WEAK = YES;
				CLANG_WARN_BLOCK_CAPTURE_AUTORELEASING = YES;
				CLANG_WARN_BOOL_CONVERSION = YES;
				CLANG_WARN_COMMA = YES;
				CLANG_WARN_CONSTANT_CONVERSION = YES;
				CLANG_WARN_DEPRECATED_OBJC_IMPLEMENTATIONS = YES;
				CLANG_WARN_DIRECT_OBJC_ISA_USAGE = YES_ERROR;
				CLANG_WARN_DOCUMENTATION_COMMENTS = YES;
				CLANG_WARN_EMPTY_BODY = YES;
				CLANG_WARN_ENUM_CONVERSION = YES;
				CLANG_WARN_INFINITE_RECURSION = YES;
				CLANG_WARN_INT_CONVERSION = YES;
				CLANG_WARN_NON_LITERAL_NULL_CONVERSION = YES;
				CLANG_WARN_OBJC_IMPLICIT_RETAIN_SELF = YES;
				CLANG_WARN_OBJC_LITERAL_CONVERSION = YES;
				CLANG_WARN_OBJC_ROOT_CLASS = YES_ERROR;
				CLANG_WARN_QUOTED_INCLUDE_IN_FRAMEWORK_HEADER = YES;
				CLANG_WARN_RANGE_LOOP_ANALYSIS = YES;
				CLANG_WARN_STRICT_PROTOTYPES = YES;
				CLANG_WARN_SUSPICIOUS_MOVE = YES;
				CLANG_WARN_UNGUARDED_AVAILABILITY = YES_AGGRESSIVE;
				CLANG_WARN_UNREACHABLE_CODE = YES;
				CLANG_WARN__DUPLICATE_METHOD_MATCH = YES;
				COPY_PHASE_STRIP = NO;
				DEBUG_INFORMATION_FORMAT = "dwarf-with-dsym";
				ENABLE_NS_ASSERTIONS = NO;
				ENABLE_STRICT_OBJC_MSGSEND = YES;
				GCC_C_LANGUAGE_STANDARD = gnu11;
				GCC_NO_COMMON_BLOCKS = YES;
				GCC_WARN_64_TO_32_BIT_CONVERSION = YES;
				GCC_WARN_ABOUT_RETURN_TYPE = YES_ERROR;
				GCC_WARN_UNDECLARED_SELECTOR = YES;
				GCC_WARN_UNINITIALIZED_AUTOS = YES_AGGRESSIVE;
				GCC_WARN_UNUSED_FUNCTION = YES;
				GCC_WARN_UNUSED_VARIABLE = YES;
				IPHONEOS_DEPLOYMENT_TARGET = 15.0;
				MTL_ENABLE_DEBUG_INFO = NO;
				MTL_FAST_MATH = YES;
				SDKROOT = iphoneos;
				SWIFT_COMPILATION_MODE = wholemodule;
				SWIFT_OPTIMIZATION_LEVEL = "-O";
				VALIDATE_PRODUCT = YES;
			};
			name = Release;
		};
		915F16AC27477A89004FB1FE /* Debug */ = {
			isa = XCBuildConfiguration;
			buildSettings = {
				ASSETCATALOG_COMPILER_APPICON_NAME = AppIcon;
				ASSETCATALOG_COMPILER_GLOBAL_ACCENT_COLOR_NAME = AccentColor;
				CODE_SIGN_STYLE = Automatic;
				CURRENT_PROJECT_VERSION = 1;
				GENERATE_INFOPLIST_FILE = YES;
				INFOPLIST_FILE = "Supporting Files/Info.plist";
				INFOPLIST_KEY_UIApplicationSupportsIndirectInputEvents = YES;
				INFOPLIST_KEY_UILaunchStoryboardName = LaunchScreen;
				INFOPLIST_KEY_UISupportedInterfaceOrientations_iPad = "UIInterfaceOrientationPortrait UIInterfaceOrientationPortraitUpsideDown UIInterfaceOrientationLandscapeLeft UIInterfaceOrientationLandscapeRight";
				INFOPLIST_KEY_UISupportedInterfaceOrientations_iPhone = "UIInterfaceOrientationPortrait UIInterfaceOrientationLandscapeLeft UIInterfaceOrientationLandscapeRight";
				LD_RUNPATH_SEARCH_PATHS = (
					"$(inherited)",
					"@executable_path/Frameworks",
				);
				MARKETING_VERSION = 1.0;
				PRODUCT_BUNDLE_IDENTIFIER = com.sivin.collectionviewayoutexamples;
				PRODUCT_NAME = "$(TARGET_NAME)";
				SWIFT_EMIT_LOC_STRINGS = YES;
				SWIFT_VERSION = 5.0;
				TARGETED_DEVICE_FAMILY = "1,2";
			};
			name = Debug;
		};
		915F16AD27477A89004FB1FE /* Release */ = {
			isa = XCBuildConfiguration;
			buildSettings = {
				ASSETCATALOG_COMPILER_APPICON_NAME = AppIcon;
				ASSETCATALOG_COMPILER_GLOBAL_ACCENT_COLOR_NAME = AccentColor;
				CODE_SIGN_STYLE = Automatic;
				CURRENT_PROJECT_VERSION = 1;
				GENERATE_INFOPLIST_FILE = YES;
				INFOPLIST_FILE = "Supporting Files/Info.plist";
				INFOPLIST_KEY_UIApplicationSupportsIndirectInputEvents = YES;
				INFOPLIST_KEY_UILaunchStoryboardName = LaunchScreen;
				INFOPLIST_KEY_UISupportedInterfaceOrientations_iPad = "UIInterfaceOrientationPortrait UIInterfaceOrientationPortraitUpsideDown UIInterfaceOrientationLandscapeLeft UIInterfaceOrientationLandscapeRight";
				INFOPLIST_KEY_UISupportedInterfaceOrientations_iPhone = "UIInterfaceOrientationPortrait UIInterfaceOrientationLandscapeLeft UIInterfaceOrientationLandscapeRight";
				LD_RUNPATH_SEARCH_PATHS = (
					"$(inherited)",
					"@executable_path/Frameworks",
				);
				MARKETING_VERSION = 1.0;
				PRODUCT_BUNDLE_IDENTIFIER = com.sivin.collectionviewayoutexamples;
				PRODUCT_NAME = "$(TARGET_NAME)";
				SWIFT_EMIT_LOC_STRINGS = YES;
				SWIFT_VERSION = 5.0;
				TARGETED_DEVICE_FAMILY = "1,2";
			};
			name = Release;
		};
/* End XCBuildConfiguration section */

/* Begin XCConfigurationList section */
		915F169227477A85004FB1FE /* Build configuration list for PBXProject "CollectionViewLayoutExamples" */ = {
			isa = XCConfigurationList;
			buildConfigurations = (
				915F16A927477A89004FB1FE /* Debug */,
				915F16AA27477A89004FB1FE /* Release */,
			);
			defaultConfigurationIsVisible = 0;
			defaultConfigurationName = Release;
		};
		915F16AB27477A89004FB1FE /* Build configuration list for PBXNativeTarget "CollectionViewLayoutExamples" */ = {
			isa = XCConfigurationList;
			buildConfigurations = (
				915F16AC27477A89004FB1FE /* Debug */,
				915F16AD27477A89004FB1FE /* Release */,
			);
			defaultConfigurationIsVisible = 0;
			defaultConfigurationName = Release;
		};
/* End XCConfigurationList section */
	};
	rootObject = 915F168F27477A85004FB1FE /* Project object */;
}
